
Microsoft Visual Studio Solution File, Format Version 12.00
# Visual Studio 15
VisualStudioVersion = 15.0.26124.0
MinimumVisualStudioVersion = 15.0.26124.0
Project("{2150E333-8FDC-42A3-9474-1A3956D46DE8}") = "src", "src", "{E3524864-379E-4371-A9EB-DC44FFA03F07}"
EndProject
Project("{FAE04EC0-301F-11D3-BF4B-00C04F79EFBC}") = "websvc", "src\websvc\websvc.csproj", "{2F3FB830-99D2-43A3-ADF0-F6D9A7378F7E}"
EndProject
Project("{FAE04EC0-301F-11D3-BF4B-00C04F79EFBC}") = "spconsole", "src\spconsole\spconsole.csproj", "{A4218D6A-701A-4AE3-8F61-0B593B28F8C8}"
EndProject
Project("{FAE04EC0-301F-11D3-BF4B-00C04F79EFBC}") = "csom", "src\csom\csom.csproj", "{749B981F-D126-4B53-B031-10D46D4F464F}"
EndProject
Global
	GlobalSection(SolutionConfigurationPlatforms) = preSolution
		Debug|Any CPU = Debug|Any CPU
		Debug|x64 = Debug|x64
		Debug|x86 = Debug|x86
		Release|Any CPU = Release|Any CPU
		Release|x64 = Release|x64
		Release|x86 = Release|x86
	EndGlobalSection
	GlobalSection(SolutionProperties) = preSolution
		HideSolutionNode = FALSE
	EndGlobalSection
	GlobalSection(ProjectConfigurationPlatforms) = postSolution
		{2F3FB830-99D2-43A3-ADF0-F6D9A7378F7E}.Debug|Any CPU.ActiveCfg = Debug|Any CPU
		{2F3FB830-99D2-43A3-ADF0-F6D9A7378F7E}.Debug|Any CPU.Build.0 = Debug|Any CPU
		{2F3FB830-99D2-43A3-ADF0-F6D9A7378F7E}.Debug|x64.ActiveCfg = Debug|x64
		{2F3FB830-99D2-43A3-ADF0-F6D9A7378F7E}.Debug|x64.Build.0 = Debug|x64
		{2F3FB830-99D2-43A3-ADF0-F6D9A7378F7E}.Debug|x86.ActiveCfg = Debug|x86
		{2F3FB830-99D2-43A3-ADF0-F6D9A7378F7E}.Debug|x86.Build.0 = Debug|x86
		{2F3FB830-99D2-43A3-ADF0-F6D9A7378F7E}.Release|Any CPU.ActiveCfg = Release|Any CPU
		{2F3FB830-99D2-43A3-ADF0-F6D9A7378F7E}.Release|Any CPU.Build.0 = Release|Any CPU
		{2F3FB830-99D2-43A3-ADF0-F6D9A7378F7E}.Release|x64.ActiveCfg = Release|x64
		{2F3FB830-99D2-43A3-ADF0-F6D9A7378F7E}.Release|x64.Build.0 = Release|x64
		{2F3FB830-99D2-43A3-ADF0-F6D9A7378F7E}.Release|x86.ActiveCfg = Release|x86
		{2F3FB830-99D2-43A3-ADF0-F6D9A7378F7E}.Release|x86.Build.0 = Release|x86
		{A4218D6A-701A-4AE3-8F61-0B593B28F8C8}.Debug|Any CPU.ActiveCfg = Debug|Any CPU
		{A4218D6A-701A-4AE3-8F61-0B593B28F8C8}.Debug|Any CPU.Build.0 = Debug|Any CPU
		{A4218D6A-701A-4AE3-8F61-0B593B28F8C8}.Debug|x64.ActiveCfg = Debug|x64
		{A4218D6A-701A-4AE3-8F61-0B593B28F8C8}.Debug|x64.Build.0 = Debug|x64
		{A4218D6A-701A-4AE3-8F61-0B593B28F8C8}.Debug|x86.ActiveCfg = Debug|x86
		{A4218D6A-701A-4AE3-8F61-0B593B28F8C8}.Debug|x86.Build.0 = Debug|x86
		{A4218D6A-701A-4AE3-8F61-0B593B28F8C8}.Release|Any CPU.ActiveCfg = Release|Any CPU
		{A4218D6A-701A-4AE3-8F61-0B593B28F8C8}.Release|Any CPU.Build.0 = Release|Any CPU
		{A4218D6A-701A-4AE3-8F61-0B593B28F8C8}.Release|x64.ActiveCfg = Release|x64
		{A4218D6A-701A-4AE3-8F61-0B593B28F8C8}.Release|x64.Build.0 = Release|x64
		{A4218D6A-701A-4AE3-8F61-0B593B28F8C8}.Release|x86.ActiveCfg = Release|x86
		{A4218D6A-701A-4AE3-8F61-0B593B28F8C8}.Release|x86.Build.0 = Release|x86
		{749B981F-D126-4B53-B031-10D46D4F464F}.Debug|Any CPU.ActiveCfg = Debug|Any CPU
		{749B981F-D126-4B53-B031-10D46D4F464F}.Debug|Any CPU.Build.0 = Debug|Any CPU
		{749B981F-D126-4B53-B031-10D46D4F464F}.Debug|x64.ActiveCfg = Debug|x64
		{749B981F-D126-4B53-B031-10D46D4F464F}.Debug|x64.Build.0 = Debug|x64
		{749B981F-D126-4B53-B031-10D46D4F464F}.Debug|x86.ActiveCfg = Debug|x86
		{749B981F-D126-4B53-B031-10D46D4F464F}.Debug|x86.Build.0 = Debug|x86
		{749B981F-D126-4B53-B031-10D46D4F464F}.Release|Any CPU.ActiveCfg = Release|Any CPU
		{749B981F-D126-4B53-B031-10D46D4F464F}.Release|Any CPU.Build.0 = Release|Any CPU
		{749B981F-D126-4B53-B031-10D46D4F464F}.Release|x64.ActiveCfg = Release|x64
		{749B981F-D126-4B53-B031-10D46D4F464F}.Release|x64.Build.0 = Release|x64
		{749B981F-D126-4B53-B031-10D46D4F464F}.Release|x86.ActiveCfg = Release|x86
		{749B981F-D126-4B53-B031-10D46D4F464F}.Release|x86.Build.0 = Release|x86
	EndGlobalSection
	GlobalSection(NestedProjects) = preSolution
		{2F3FB830-99D2-43A3-ADF0-F6D9A7378F7E} = {E3524864-379E-4371-A9EB-DC44FFA03F07}
		{A4218D6A-701A-4AE3-8F61-0B593B28F8C8} = {E3524864-379E-4371-A9EB-DC44FFA03F07}
		{749B981F-D126-4B53-B031-10D46D4F464F} = {E3524864-379E-4371-A9EB-DC44FFA03F07}
	EndGlobalSection
EndGlobal
